
Microsoft Visual Studio Solution File, Format Version 12.00
# Visual Studio Version 16
VisualStudioVersion = 16.0.29519.87
MinimumVisualStudioVersion = 10.0.40219.1
Project("{2150E333-8FDC-42A3-9474-1A3956D46DE8}") = "01-API", "01-API", "{FA4FC569-82E5-4F0C-9E5E-2A8433FE8D77}"
EndProject
Project("{2150E333-8FDC-42A3-9474-1A3956D46DE8}") = "02-BusinessLogic", "02-BusinessLogic", "{16B2E331-2C6D-433C-A172-6EBC445F72D7}"
EndProject
Project("{2150E333-8FDC-42A3-9474-1A3956D46DE8}") = "03-Persistence", "03-Persistence", "{41023A9D-ECC4-4C91-B7A4-425DE2D52377}"
EndProject
Project("{2150E333-8FDC-42A3-9474-1A3956D46DE8}") = "04-Common", "04-Common", "{70617EEC-2C1D-493C-80DE-B2BABB839753}"
EndProject
Project("{9A19103F-16F7-4668-BE54-9A1E7A4F7556}") = "Models", "src\Common\Models\Models.csproj", "{D6507900-9D53-4142-A493-72D31EA1A28E}"
EndProject
Project("{9A19103F-16F7-4668-BE54-9A1E7A4F7556}") = "Common", "src\Common\Common\Common.csproj", "{F8EF1281-9F19-4B65-80D9-6294980D7D8C}"
EndProject
Project("{9A19103F-16F7-4668-BE54-9A1E7A4F7556}") = "DatabaseContext", "src\Persistence\DatabaseContext\DatabaseContext.csproj", "{DE3356D1-EBBD-4A25-90FF-A5ADBF7B9E08}"
EndProject
Project("{9A19103F-16F7-4668-BE54-9A1E7A4F7556}") = "Repository", "src\Persistence\Repository\Repository.csproj", "{7C98D892-4914-4CE1-869A-1013D15C9FEC}"
EndProject
Project("{9A19103F-16F7-4668-BE54-9A1E7A4F7556}") = "UoW", "src\Persistence\UoW\UoW.csproj", "{8B0E25BC-82B3-4DAB-84B7-81FADF01D834}"
EndProject
Project("{9A19103F-16F7-4668-BE54-9A1E7A4F7556}") = "FormsValidations", "src\BusinessLogic\FormsValidations\FormsValidations.csproj", "{C88948B2-DE7A-42E1-90E0-4F8C3F361661}"
EndProject
Project("{9A19103F-16F7-4668-BE54-9A1E7A4F7556}") = "Mappings", "src\BusinessLogic\Mappings\Mappings.csproj", "{BE7FB2DB-918A-4D44-95FB-784022620F73}"
EndProject
Project("{9A19103F-16F7-4668-BE54-9A1E7A4F7556}") = "LogicServices", "src\BusinessLogic\LogicServices\LogicServices.csproj", "{97200619-2ED5-4CE4-9699-DD690E616410}"
EndProject
Project("{9A19103F-16F7-4668-BE54-9A1E7A4F7556}") = "GlobalConfig", "src\BusinessLogic\GlobalConfig\GlobalConfig.csproj", "{CCC59F73-12AA-465F-980B-F9DB2AF5BFDB}"
EndProject
Project("{9A19103F-16F7-4668-BE54-9A1E7A4F7556}") = "Api.Movies", "src\API\Api.Movies\Api.Movies.csproj", "{1A98E73A-22FC-4960-A44E-C9B00B04AA24}"
EndProject
Global
	GlobalSection(SolutionConfigurationPlatforms) = preSolution
		Debug|Any CPU = Debug|Any CPU
		Release|Any CPU = Release|Any CPU
	EndGlobalSection
	GlobalSection(ProjectConfigurationPlatforms) = postSolution
		{D6507900-9D53-4142-A493-72D31EA1A28E}.Debug|Any CPU.ActiveCfg = Debug|Any CPU
		{D6507900-9D53-4142-A493-72D31EA1A28E}.Debug|Any CPU.Build.0 = Debug|Any CPU
		{D6507900-9D53-4142-A493-72D31EA1A28E}.Release|Any CPU.ActiveCfg = Release|Any CPU
		{D6507900-9D53-4142-A493-72D31EA1A28E}.Release|Any CPU.Build.0 = Release|Any CPU
		{F8EF1281-9F19-4B65-80D9-6294980D7D8C}.Debug|Any CPU.ActiveCfg = Debug|Any CPU
		{F8EF1281-9F19-4B65-80D9-6294980D7D8C}.Debug|Any CPU.Build.0 = Debug|Any CPU
		{F8EF1281-9F19-4B65-80D9-6294980D7D8C}.Release|Any CPU.ActiveCfg = Release|Any CPU
		{F8EF1281-9F19-4B65-80D9-6294980D7D8C}.Release|Any CPU.Build.0 = Release|Any CPU
		{DE3356D1-EBBD-4A25-90FF-A5ADBF7B9E08}.Debug|Any CPU.ActiveCfg = Debug|Any CPU
		{DE3356D1-EBBD-4A25-90FF-A5ADBF7B9E08}.Debug|Any CPU.Build.0 = Debug|Any CPU
		{DE3356D1-EBBD-4A25-90FF-A5ADBF7B9E08}.Release|Any CPU.ActiveCfg = Release|Any CPU
		{DE3356D1-EBBD-4A25-90FF-A5ADBF7B9E08}.Release|Any CPU.Build.0 = Release|Any CPU
		{7C98D892-4914-4CE1-869A-1013D15C9FEC}.Debug|Any CPU.ActiveCfg = Debug|Any CPU
		{7C98D892-4914-4CE1-869A-1013D15C9FEC}.Debug|Any CPU.Build.0 = Debug|Any CPU
		{7C98D892-4914-4CE1-869A-1013D15C9FEC}.Release|Any CPU.ActiveCfg = Release|Any CPU
		{7C98D892-4914-4CE1-869A-1013D15C9FEC}.Release|Any CPU.Build.0 = Release|Any CPU
		{8B0E25BC-82B3-4DAB-84B7-81FADF01D834}.Debug|Any CPU.ActiveCfg = Debug|Any CPU
		{8B0E25BC-82B3-4DAB-84B7-81FADF01D834}.Debug|Any CPU.Build.0 = Debug|Any CPU
		{8B0E25BC-82B3-4DAB-84B7-81FADF01D834}.Release|Any CPU.ActiveCfg = Release|Any CPU
		{8B0E25BC-82B3-4DAB-84B7-81FADF01D834}.Release|Any CPU.Build.0 = Release|Any CPU
		{C88948B2-DE7A-42E1-90E0-4F8C3F361661}.Debug|Any CPU.ActiveCfg = Debug|Any CPU
		{C88948B2-DE7A-42E1-90E0-4F8C3F361661}.Debug|Any CPU.Build.0 = Debug|Any CPU
		{C88948B2-DE7A-42E1-90E0-4F8C3F361661}.Release|Any CPU.ActiveCfg = Release|Any CPU
		{C88948B2-DE7A-42E1-90E0-4F8C3F361661}.Release|Any CPU.Build.0 = Release|Any CPU
		{BE7FB2DB-918A-4D44-95FB-784022620F73}.Debug|Any CPU.ActiveCfg = Debug|Any CPU
		{BE7FB2DB-918A-4D44-95FB-784022620F73}.Debug|Any CPU.Build.0 = Debug|Any CPU
		{BE7FB2DB-918A-4D44-95FB-784022620F73}.Release|Any CPU.ActiveCfg = Release|Any CPU
		{BE7FB2DB-918A-4D44-95FB-784022620F73}.Release|Any CPU.Build.0 = Release|Any CPU
		{97200619-2ED5-4CE4-9699-DD690E616410}.Debug|Any CPU.ActiveCfg = Debug|Any CPU
		{97200619-2ED5-4CE4-9699-DD690E616410}.Debug|Any CPU.Build.0 = Debug|Any CPU
		{97200619-2ED5-4CE4-9699-DD690E616410}.Release|Any CPU.ActiveCfg = Release|Any CPU
		{97200619-2ED5-4CE4-9699-DD690E616410}.Release|Any CPU.Build.0 = Release|Any CPU
		{CCC59F73-12AA-465F-980B-F9DB2AF5BFDB}.Debug|Any CPU.ActiveCfg = Debug|Any CPU
		{CCC59F73-12AA-465F-980B-F9DB2AF5BFDB}.Debug|Any CPU.Build.0 = Debug|Any CPU
		{CCC59F73-12AA-465F-980B-F9DB2AF5BFDB}.Release|Any CPU.ActiveCfg = Release|Any CPU
		{CCC59F73-12AA-465F-980B-F9DB2AF5BFDB}.Release|Any CPU.Build.0 = Release|Any CPU
		{1A98E73A-22FC-4960-A44E-C9B00B04AA24}.Debug|Any CPU.ActiveCfg = Debug|Any CPU
		{1A98E73A-22FC-4960-A44E-C9B00B04AA24}.Debug|Any CPU.Build.0 = Debug|Any CPU
		{1A98E73A-22FC-4960-A44E-C9B00B04AA24}.Release|Any CPU.ActiveCfg = Release|Any CPU
		{1A98E73A-22FC-4960-A44E-C9B00B04AA24}.Release|Any CPU.Build.0 = Release|Any CPU
	EndGlobalSection
	GlobalSection(SolutionProperties) = preSolution
		HideSolutionNode = FALSE
	EndGlobalSection
	GlobalSection(NestedProjects) = preSolution
		{D6507900-9D53-4142-A493-72D31EA1A28E} = {70617EEC-2C1D-493C-80DE-B2BABB839753}
		{F8EF1281-9F19-4B65-80D9-6294980D7D8C} = {70617EEC-2C1D-493C-80DE-B2BABB839753}
		{DE3356D1-EBBD-4A25-90FF-A5ADBF7B9E08} = {41023A9D-ECC4-4C91-B7A4-425DE2D52377}
		{7C98D892-4914-4CE1-869A-1013D15C9FEC} = {41023A9D-ECC4-4C91-B7A4-425DE2D52377}
		{8B0E25BC-82B3-4DAB-84B7-81FADF01D834} = {41023A9D-ECC4-4C91-B7A4-425DE2D52377}
		{C88948B2-DE7A-42E1-90E0-4F8C3F361661} = {16B2E331-2C6D-433C-A172-6EBC445F72D7}
		{BE7FB2DB-918A-4D44-95FB-784022620F73} = {16B2E331-2C6D-433C-A172-6EBC445F72D7}
		{97200619-2ED5-4CE4-9699-DD690E616410} = {16B2E331-2C6D-433C-A172-6EBC445F72D7}
		{CCC59F73-12AA-465F-980B-F9DB2AF5BFDB} = {16B2E331-2C6D-433C-A172-6EBC445F72D7}
		{1A98E73A-22FC-4960-A44E-C9B00B04AA24} = {FA4FC569-82E5-4F0C-9E5E-2A8433FE8D77}
	EndGlobalSection
	GlobalSection(ExtensibilityGlobals) = postSolution
		SolutionGuid = {4FD8FD52-8051-41AC-9E3C-5322C8C40029}
	EndGlobalSection
EndGlobal
